
Microsoft Visual Studio Solution File, Format Version 12.00
# Visual Studio Version 16
VisualStudioVersion = 16.0.28803.916
MinimumVisualStudioVersion = 10.0.40219.1
Project("{FAE04EC0-301F-11D3-BF4B-00C04F79EFBC}") = "ShopConsole", "ShopConsole.csproj", "{F66CD0EE-2FC2-4ED9-9159-5FBD9F6DE80A}"
EndProject
Global
	GlobalSection(SolutionConfigurationPlatforms) = preSolution
		Debug|Any CPU = Debug|Any CPU
		Release|Any CPU = Release|Any CPU
	EndGlobalSection
	GlobalSection(ProjectConfigurationPlatforms) = postSolution
		{F66CD0EE-2FC2-4ED9-9159-5FBD9F6DE80A}.Debug|Any CPU.ActiveCfg = Debug|Any CPU
		{F66CD0EE-2FC2-4ED9-9159-5FBD9F6DE80A}.Debug|Any CPU.Build.0 = Debug|Any CPU
		{F66CD0EE-2FC2-4ED9-9159-5FBD9F6DE80A}.Release|Any CPU.ActiveCfg = Release|Any CPU
		{F66CD0EE-2FC2-4ED9-9159-5FBD9F6DE80A}.Release|Any CPU.Build.0 = Release|Any CPU
	EndGlobalSection
	GlobalSection(SolutionProperties) = preSolution
		HideSolutionNode = FALSE
	EndGlobalSection
	GlobalSection(ExtensibilityGlobals) = postSolution
		SolutionGuid = {FB3E8E19-179D-4F81-965B-D18052E1AF37}
	EndGlobalSection
EndGlobal
